
Microsoft Visual Studio Solution File, Format Version 12.00
# Visual Studio Version 17
VisualStudioVersion = 17.1.32421.90
MinimumVisualStudioVersion = 10.0.40219.1
Project("{FAE04EC0-301F-11D3-BF4B-00C04F79EFBC}") = "dolgozokLinq", "dolgozokLinq\dolgozokLinq.csproj", "{1EDBBC5B-2FAD-4517-A696-EA4096F2084D}"
EndProject
Global
	GlobalSection(SolutionConfigurationPlatforms) = preSolution
		Debug|Any CPU = Debug|Any CPU
		Release|Any CPU = Release|Any CPU
	EndGlobalSection
	GlobalSection(ProjectConfigurationPlatforms) = postSolution
		{1EDBBC5B-2FAD-4517-A696-EA4096F2084D}.Debug|Any CPU.ActiveCfg = Debug|Any CPU
		{1EDBBC5B-2FAD-4517-A696-EA4096F2084D}.Debug|Any CPU.Build.0 = Debug|Any CPU
		{1EDBBC5B-2FAD-4517-A696-EA4096F2084D}.Release|Any CPU.ActiveCfg = Release|Any CPU
		{1EDBBC5B-2FAD-4517-A696-EA4096F2084D}.Release|Any CPU.Build.0 = Release|Any CPU
	EndGlobalSection
	GlobalSection(SolutionProperties) = preSolution
		HideSolutionNode = FALSE
	EndGlobalSection
	GlobalSection(ExtensibilityGlobals) = postSolution
		SolutionGuid = {50C3F5B3-51D1-4B4A-A320-69EF21B753BB}
	EndGlobalSection
EndGlobal
